PODS:
  - CocoaAsyncSocket (7.6.3)
  - OSCKit (0.3.5):
    - CocoaAsyncSocket (~> 7.3)
  - PixelKit (0.7.4):
    - OSCKit
    - SwiftSVG (~> 2.0)
  - SwiftSVG (2.3.2)

DEPENDENCIES:
  - OSCKit
  - PixelKit (~> 0.7.0)

SPEC REPOS:
  https://github.com/CocoaPods/Specs.git:
    - CocoaAsyncSocket
    - OSCKit
  trunk:
    - PixelKit
    - SwiftSVG

SPEC CHECKSUMS:
  CocoaAsyncSocket: eafaa68a7e0ec99ead0a7b35015e0bf25d2c8987
  OSCKit: 4470dbd30bc792dcf66dc4e7b5d1ec7174add33c
  PixelKit: 7c673d36869f11bcd6d7878c0f5ef34724afa450
  SwiftSVG: ca7f64e403b8ea7ea8eba8c823b83ba4a059834c

PODFILE CHECKSUM: d5a2177dc80d8cb2418dda65909d1fe59f6a8bab

COCOAPODS: 1.9.0
