// !$*UTF8*$!
{
	archiveVersion = 1;
	classes = {
	};
	objectVersion = 51;
	objects = {

/* Begin PBXBuildFile section */
		150C004B8A47DA3BECAEF73F /* Pods_Luma_Browser.framework in Frameworks */ = {isa = PBXBuildFile; fileRef = 08C8A952A55AF14CD41B099B /* Pods_Luma_Browser.framework */; };
		7411B51C22A1920300F861BD /* AppDelegate.swift in Sources */ = {isa = PBXBuildFile; fileRef = 7411B51B22A1920300F861BD /* AppDelegate.swift */; };
		7411B51E22A1920300F861BD /* ViewController.swift in Sources */ = {isa = PBXBuildFile; fileRef = 7411B51D22A1920300F861BD /* ViewController.swift */; };
		7411B52122A1920300F861BD /* Main.storyboard in Resources */ = {isa = PBXBuildFile; fileRef = 7411B51F22A1920300F861BD /* Main.storyboard */; };
		7411B52322A1920400F861BD /* Assets.xcassets in Resources */ = {isa = PBXBuildFile; fileRef = 7411B52222A1920400F861BD /* Assets.xcassets */; };
		7411B52622A1920400F861BD /* LaunchScreen.storyboard in Resources */ = {isa = PBXBuildFile; fileRef = 7411B52422A1920400F861BD /* LaunchScreen.storyboard */; };
		7411B52F22A1926100F861BD /* LumaBrowseView.swift in Sources */ = {isa = PBXBuildFile; fileRef = 7411B52E22A1926100F861BD /* LumaBrowseView.swift */; };
		7411B53E22A1B3A400F861BD /* MASTER-2_00000.png in Resources */ = {isa = PBXBuildFile; fileRef = 7411B53122A1B3A400F861BD /* MASTER-2_00000.png */; };
		7411B53F22A1B3A400F861BD /* MASTER-2_00000.png in Resources */ = {isa = PBXBuildFile; fileRef = 7411B53122A1B3A400F861BD /* MASTER-2_00000.png */; };
		7411B54822A1B3A400F861BD /* IMG_0069.jpg in Resources */ = {isa = PBXBuildFile; fileRef = 7411B53622A1B3A400F861BD /* IMG_0069.jpg */; };
		7411B54922A1B3A400F861BD /* IMG_0069.jpg in Resources */ = {isa = PBXBuildFile; fileRef = 7411B53622A1B3A400F861BD /* IMG_0069.jpg */; };
		7411B54C22A1B3A400F861BD /* test_3.jpg in Resources */ = {isa = PBXBuildFile; fileRef = 7411B53822A1B3A400F861BD /* test_3.jpg */; };
		7411B54D22A1B3A400F861BD /* test_3.jpg in Resources */ = {isa = PBXBuildFile; fileRef = 7411B53822A1B3A400F861BD /* test_3.jpg */; };
		7411B55622A1B3A400F861BD /* IMG_0025.jpg in Resources */ = {isa = PBXBuildFile; fileRef = 7411B53D22A1B3A400F861BD /* IMG_0025.jpg */; };
		7411B55722A1B3A400F861BD /* IMG_0025.jpg in Resources */ = {isa = PBXBuildFile; fileRef = 7411B53D22A1B3A400F861BD /* IMG_0025.jpg */; };
		7411B55822A1B61300F861BD /* 3D.scnassets in Resources */ = {isa = PBXBuildFile; fileRef = 7457044721AACAF1007C3DB9 /* 3D.scnassets */; };
		7429DDB122FD6D2C00ED472D /* LFOSCClient.swift in Sources */ = {isa = PBXBuildFile; fileRef = 7429DDB022FD6D2B00ED472D /* LFOSCClient.swift */; };
		7429DDB222FD6D2C00ED472D /* LFOSCClient.swift in Sources */ = {isa = PBXBuildFile; fileRef = 7429DDB022FD6D2B00ED472D /* LFOSCClient.swift */; };
		7429DDB422FD712000ED472D /* LiveCamView.swift in Sources */ = {isa = PBXBuildFile; fileRef = 7429DDB322FD712000ED472D /* LiveCamView.swift */; };
		7429DDB522FD712000ED472D /* LiveCamView.swift in Sources */ = {isa = PBXBuildFile; fileRef = 7429DDB322FD712000ED472D /* LiveCamView.swift */; };
		74552D672243C36B00D02E15 /* Content.swift in Sources */ = {isa = PBXBuildFile; fileRef = 74552D662243C36B00D02E15 /* Content.swift */; };
		74552DA32243CA6F00D02E15 /* lines.mp4 in Resources */ = {isa = PBXBuildFile; fileRef = 74552D962243CA6F00D02E15 /* lines.mp4 */; };
		7455A14921A8E0C000679CEB /* AR.swift in Sources */ = {isa = PBXBuildFile; fileRef = 7455A14821A8E0C000679CEB /* AR.swift */; };
		7457044421A9D236007C3DB9 /* FileAssistant.swift in Sources */ = {isa = PBXBuildFile; fileRef = 7457044221A9D236007C3DB9 /* FileAssistant.swift */; };
		7457044621A9D30F007C3DB9 /* ViewAssistant.swift in Sources */ = {isa = PBXBuildFile; fileRef = 7457044521A9D30F007C3DB9 /* ViewAssistant.swift */; };
		7457044821AACAF1007C3DB9 /* 3D.scnassets in Resources */ = {isa = PBXBuildFile; fileRef = 7457044721AACAF1007C3DB9 /* 3D.scnassets */; };
		7457044A21AACB24007C3DB9 /* Sim.swift in Sources */ = {isa = PBXBuildFile; fileRef = 7457044921AACB24007C3DB9 /* Sim.swift */; };
		746B7FE12323D5540043A20C /* TransformView.swift in Sources */ = {isa = PBXBuildFile; fileRef = 746B7FE02323D5540043A20C /* TransformView.swift */; };
		748922A7231989F60015DE35 /* Peer.swift in Sources */ = {isa = PBXBuildFile; fileRef = 748922A6231989F60015DE35 /* Peer.swift */; };
		748922A8231989F60015DE35 /* Peer.swift in Sources */ = {isa = PBXBuildFile; fileRef = 748922A6231989F60015DE35 /* Peer.swift */; };
		748F67E922C8E74C003A64A9 /* FileLoader.swift in Sources */ = {isa = PBXBuildFile; fileRef = 748F67E822C8E74C003A64A9 /* FileLoader.swift */; };
		748F67EA22C8E74C003A64A9 /* FileLoader.swift in Sources */ = {isa = PBXBuildFile; fileRef = 748F67E822C8E74C003A64A9 /* FileLoader.swift */; };
		748F67EE22C8E8EB003A64A9 /* LFOSCServer.swift in Sources */ = {isa = PBXBuildFile; fileRef = 748F67ED22C8E8EB003A64A9 /* LFOSCServer.swift */; };
		748F67EF22C8E8EB003A64A9 /* LFOSCServer.swift in Sources */ = {isa = PBXBuildFile; fileRef = 748F67ED22C8E8EB003A64A9 /* LFOSCServer.swift */; };
		74976A1E231BE01D0045CEA0 /* Hue.swift in Sources */ = {isa = PBXBuildFile; fileRef = 74976A1D231BE01D0045CEA0 /* Hue.swift */; };
		74976A1F231BE0210045CEA0 /* Hue.swift in Sources */ = {isa = PBXBuildFile; fileRef = 74976A1D231BE01D0045CEA0 /* Hue.swift */; };
		74976A22231BE4BC0045CEA0 /* HomeKit.framework in Frameworks */ = {isa = PBXBuildFile; fileRef = 74976A21231BE4BC0045CEA0 /* HomeKit.framework */; };
		74976A24231BFA750045CEA0 /* Capture.swift in Sources */ = {isa = PBXBuildFile; fileRef = 74976A23231BFA750045CEA0 /* Capture.swift */; };
		74976A25231BFA7A0045CEA0 /* Capture.swift in Sources */ = {isa = PBXBuildFile; fileRef = 74976A23231BFA750045CEA0 /* Capture.swift */; };
		74976A26231BFDE90045CEA0 /* Assets.xcassets in Resources */ = {isa = PBXBuildFile; fileRef = 74DB096D21A8DD5F00DC061A /* Assets.xcassets */; };
		74976A2E231C0AD20045CEA0 /* IMG_0314.jpg in Resources */ = {isa = PBXBuildFile; fileRef = 74976A27231C0AD10045CEA0 /* IMG_0314.jpg */; };
		74976A2F231C0AD20045CEA0 /* IMG_0314.jpg in Resources */ = {isa = PBXBuildFile; fileRef = 74976A27231C0AD10045CEA0 /* IMG_0314.jpg */; };
		74976A30231C0AD20045CEA0 /* IMG_0453.PNG in Resources */ = {isa = PBXBuildFile; fileRef = 74976A28231C0AD20045CEA0 /* IMG_0453.PNG */; };
		74976A31231C0AD20045CEA0 /* IMG_0453.PNG in Resources */ = {isa = PBXBuildFile; fileRef = 74976A28231C0AD20045CEA0 /* IMG_0453.PNG */; };
		74976A32231C0AD20045CEA0 /* IMG_0455.PNG in Resources */ = {isa = PBXBuildFile; fileRef = 74976A29231C0AD20045CEA0 /* IMG_0455.PNG */; };
		74976A33231C0AD20045CEA0 /* IMG_0455.PNG in Resources */ = {isa = PBXBuildFile; fileRef = 74976A29231C0AD20045CEA0 /* IMG_0455.PNG */; };
		74976A34231C0AD20045CEA0 /* 16F5969C-3F86-4DA2-BE13-8BA866822776.jpg in Resources */ = {isa = PBXBuildFile; fileRef = 74976A2A231C0AD20045CEA0 /* 16F5969C-3F86-4DA2-BE13-8BA866822776.jpg */; };
		74976A35231C0AD20045CEA0 /* 16F5969C-3F86-4DA2-BE13-8BA866822776.jpg in Resources */ = {isa = PBXBuildFile; fileRef = 74976A2A231C0AD20045CEA0 /* 16F5969C-3F86-4DA2-BE13-8BA866822776.jpg */; };
		74976A36231C0AD20045CEA0 /* IMG_0454.PNG in Resources */ = {isa = PBXBuildFile; fileRef = 74976A2B231C0AD20045CEA0 /* IMG_0454.PNG */; };
		74976A37231C0AD20045CEA0 /* IMG_0454.PNG in Resources */ = {isa = PBXBuildFile; fileRef = 74976A2B231C0AD20045CEA0 /* IMG_0454.PNG */; };
		74976A38231C0AD20045CEA0 /* IMG_0456.PNG in Resources */ = {isa = PBXBuildFile; fileRef = 74976A2C231C0AD20045CEA0 /* IMG_0456.PNG */; };
		74976A39231C0AD20045CEA0 /* IMG_0456.PNG in Resources */ = {isa = PBXBuildFile; fileRef = 74976A2C231C0AD20045CEA0 /* IMG_0456.PNG */; };
		74976A3A231C0AD20045CEA0 /* IMG_0330.JPG in Resources */ = {isa = PBXBuildFile; fileRef = 74976A2D231C0AD20045CEA0 /* IMG_0330.JPG */; };
		74976A3B231C0AD20045CEA0 /* IMG_0330.JPG in Resources */ = {isa = PBXBuildFile; fileRef = 74976A2D231C0AD20045CEA0 /* IMG_0330.JPG */; };
		74CF071A22C93F9D00FBEEDF /* LFIP.swift in Sources */ = {isa = PBXBuildFile; fileRef = 74CF071922C93F9D00FBEEDF /* LFIP.swift */; };
		74CF071B22C93F9D00FBEEDF /* LFIP.swift in Sources */ = {isa = PBXBuildFile; fileRef = 74CF071922C93F9D00FBEEDF /* LFIP.swift */; };
		74DB096421A8DD5E00DC061A /* AppDelegate.swift in Sources */ = {isa = PBXBuildFile; fileRef = 74DB096321A8DD5E00DC061A /* AppDelegate.swift */; };
		74DB096621A8DD5E00DC061A /* ViewController.swift in Sources */ = {isa = PBXBuildFile; fileRef = 74DB096521A8DD5E00DC061A /* ViewController.swift */; };
		74DB096921A8DD5E00DC061A /* Main.storyboard in Resources */ = {isa = PBXBuildFile; fileRef = 74DB096721A8DD5E00DC061A /* Main.storyboard */; };
		74DB096C21A8DD5E00DC061A /* Luma_Face.xcdatamodeld in Sources */ = {isa = PBXBuildFile; fileRef = 74DB096A21A8DD5E00DC061A /* Luma_Face.xcdatamodeld */; };
		74DB097121A8DD5F00DC061A /* LaunchScreen.storyboard in Resources */ = {isa = PBXBuildFile; fileRef = 74DB096F21A8DD5F00DC061A /* LaunchScreen.storyboard */; };
		74DB097921A8DE9D00DC061A /* Luma.swift in Sources */ = {isa = PBXBuildFile; fileRef = 74DB097821A8DE9D00DC061A /* Luma.swift */; };
		74DB097B21A8DECE00DC061A /* Face.swift in Sources */ = {isa = PBXBuildFile; fileRef = 74DB097A21A8DECE00DC061A /* Face.swift */; };
		74DC6270230995A200B396D7 /* IMG_0317.JPG in Resources */ = {isa = PBXBuildFile; fileRef = 74DC6267230995A100B396D7 /* IMG_0317.JPG */; };
		74DC6271230995A200B396D7 /* IMG_0317.JPG in Resources */ = {isa = PBXBuildFile; fileRef = 74DC6267230995A100B396D7 /* IMG_0317.JPG */; };
		74DC6272230995A200B396D7 /* IMG_0395.PNG in Resources */ = {isa = PBXBuildFile; fileRef = 74DC6268230995A100B396D7 /* IMG_0395.PNG */; };
		74DC6273230995A200B396D7 /* IMG_0395.PNG in Resources */ = {isa = PBXBuildFile; fileRef = 74DC6268230995A100B396D7 /* IMG_0395.PNG */; };
		74DC6274230995A200B396D7 /* IMG_0396.PNG in Resources */ = {isa = PBXBuildFile; fileRef = 74DC6269230995A100B396D7 /* IMG_0396.PNG */; };
		74DC6275230995A200B396D7 /* IMG_0396.PNG in Resources */ = {isa = PBXBuildFile; fileRef = 74DC6269230995A100B396D7 /* IMG_0396.PNG */; };
		74DC6276230995A200B396D7 /* IMG_0398.PNG in Resources */ = {isa = PBXBuildFile; fileRef = 74DC626A230995A100B396D7 /* IMG_0398.PNG */; };
		74DC6277230995A200B396D7 /* IMG_0398.PNG in Resources */ = {isa = PBXBuildFile; fileRef = 74DC626A230995A100B396D7 /* IMG_0398.PNG */; };
		74DC6278230995A200B396D7 /* IMG_0311.jpg in Resources */ = {isa = PBXBuildFile; fileRef = 74DC626B230995A100B396D7 /* IMG_0311.jpg */; };
		74DC6279230995A200B396D7 /* IMG_0311.jpg in Resources */ = {isa = PBXBuildFile; fileRef = 74DC626B230995A100B396D7 /* IMG_0311.jpg */; };
		74DC627A230995A200B396D7 /* IMG_0318.PNG in Resources */ = {isa = PBXBuildFile; fileRef = 74DC626C230995A200B396D7 /* IMG_0318.PNG */; };
		74DC627B230995A200B396D7 /* IMG_0318.PNG in Resources */ = {isa = PBXBuildFile; fileRef = 74DC626C230995A200B396D7 /* IMG_0318.PNG */; };
		74DC627C230995A200B396D7 /* IMG_0312.PNG in Resources */ = {isa = PBXBuildFile; fileRef = 74DC626D230995A200B396D7 /* IMG_0312.PNG */; };
		74DC627D230995A200B396D7 /* IMG_0312.PNG in Resources */ = {isa = PBXBuildFile; fileRef = 74DC626D230995A200B396D7 /* IMG_0312.PNG */; };
		74DC627E230995A200B396D7 /* IMG_0397.PNG in Resources */ = {isa = PBXBuildFile; fileRef = 74DC626E230995A200B396D7 /* IMG_0397.PNG */; };
		74DC627F230995A200B396D7 /* IMG_0397.PNG in Resources */ = {isa = PBXBuildFile; fileRef = 74DC626E230995A200B396D7 /* IMG_0397.PNG */; };
		74DC6280230995A200B396D7 /* IMG_0400.PNG in Resources */ = {isa = PBXBuildFile; fileRef = 74DC626F230995A200B396D7 /* IMG_0400.PNG */; };
		74DC6281230995A200B396D7 /* IMG_0400.PNG in Resources */ = {isa = PBXBuildFile; fileRef = 74DC626F230995A200B396D7 /* IMG_0400.PNG */; };
		74FABD772244013A00E96B60 /* skiss1.mov in Resources */ = {isa = PBXBuildFile; fileRef = 74FABD762244013A00E96B60 /* skiss1.mov */; };
		74FABD79224401AD00E96B60 /* screen.mov in Resources */ = {isa = PBXBuildFile; fileRef = 74FABD78224401AD00E96B60 /* screen.mov */; };
		D02B8ACE3AEFCEC0954F0B86 /* Pods_Luma_Face.framework in Frameworks */ = {isa = PBXBuildFile; fileRef = 6F9766BB092F7F83D6A4DEB1 /* Pods_Luma_Face.framework */; };
/* End PBXBuildFile section */

/* Begin PBXCopyFilesBuildPhase section */
		745D090621F6439C0096B917 /* Embed Frameworks */ = {
			isa = PBXCopyFilesBuildPhase;
			buildActionMask = 2147483647;
			dstPath = "";
			dstSubfolderSpec = 10;
			files = (
			);
			name = "Embed Frameworks";
			runOnlyForDeploymentPostprocessing = 0;
		};
/* End PBXCopyFilesBuildPhase section */

/* Begin PBXFileReference section */
		08C8A952A55AF14CD41B099B /* Pods_Luma_Browser.framework */ = {isa = PBXFileReference; explicitFileType = wrapper.framework; includeInIndex = 0; path = Pods_Luma_Browser.framework; sourceTree = BUILT_PRODUCTS_DIR; };
		2D705D7D1B41E6FB06DA6FD5 /* Pods-Luma Browser.debug.xcconfig */ = {isa = PBXFileReference; includeInIndex = 1; lastKnownFileType = text.xcconfig; name = "Pods-Luma Browser.debug.xcconfig"; path = "Target Support Files/Pods-Luma Browser/Pods-Luma Browser.debug.xcconfig"; sourceTree = "<group>"; };
		6F9766BB092F7F83D6A4DEB1 /* Pods_Luma_Face.framework */ = {isa = PBXFileReference; explicitFileType = wrapper.framework; includeInIndex = 0; path = Pods_Luma_Face.framework; sourceTree = BUILT_PRODUCTS_DIR; };
		7411B51922A1920300F861BD /* Luma Browser.app */ = {isa = PBXFileReference; explicitFileType = wrapper.application; includeInIndex = 0; path = "Luma Browser.app"; sourceTree = BUILT_PRODUCTS_DIR; };
		7411B51B22A1920300F861BD /* AppDelegate.swift */ = {isa = PBXFileReference; lastKnownFileType = sourcecode.swift; path = AppDelegate.swift; sourceTree = "<group>"; };
		7411B51D22A1920300F861BD /* ViewController.swift */ = {isa = PBXFileReference; lastKnownFileType = sourcecode.swift; path = ViewController.swift; sourceTree = "<group>"; };
		7411B52022A1920300F861BD /* Base */ = {isa = PBXFileReference; lastKnownFileType = file.storyboard; name = Base; path = Base.lproj/Main.storyboard; sourceTree = "<group>"; };
		7411B52222A1920400F861BD /* Assets.xcassets */ = {isa = PBXFileReference; lastKnownFileType = folder.assetcatalog; path = Assets.xcassets; sourceTree = "<group>"; };
		7411B52522A1920400F861BD /* Base */ = {isa = PBXFileReference; lastKnownFileType = file.storyboard; name = Base; path = Base.lproj/LaunchScreen.storyboard; sourceTree = "<group>"; };
		7411B52722A1920400F861BD /* Info.plist */ = {isa = PBXFileReference; lastKnownFileType = text.plist.xml; path = Info.plist; sourceTree = "<group>"; };
		7411B52E22A1926100F861BD /* LumaBrowseView.swift */ = {isa = PBXFileReference; fileEncoding = 4; lastKnownFileType = sourcecode.swift; path = LumaBrowseView.swift; sourceTree = "<group>"; };
		7411B53122A1B3A400F861BD /* MASTER-2_00000.png */ = {isa = PBXFileReference; lastKnownFileType = image.png; path = "MASTER-2_00000.png"; sourceTree = "<group>"; };
		7411B53622A1B3A400F861BD /* IMG_0069.jpg */ = {isa = PBXFileReference; lastKnownFileType = image.jpeg; path = IMG_0069.jpg; sourceTree = "<group>"; };
		7411B53822A1B3A400F861BD /* test_3.jpg */ = {isa = PBXFileReference; lastKnownFileType = image.jpeg; path = test_3.jpg; sourceTree = "<group>"; };
		7411B53D22A1B3A400F861BD /* IMG_0025.jpg */ = {isa = PBXFileReference; lastKnownFileType = image.jpeg; path = IMG_0025.jpg; sourceTree = "<group>"; };
		7429DDB022FD6D2B00ED472D /* LFOSCClient.swift */ = {isa = PBXFileReference; fileEncoding = 4; lastKnownFileType = sourcecode.swift; path = LFOSCClient.swift; sourceTree = "<group>"; };
		7429DDB322FD712000ED472D /* LiveCamView.swift */ = {isa = PBXFileReference; lastKnownFileType = sourcecode.swift; path = LiveCamView.swift; sourceTree = "<group>"; };
		74552D662243C36B00D02E15 /* Content.swift */ = {isa = PBXFileReference; lastKnownFileType = sourcecode.swift; path = Content.swift; sourceTree = "<group>"; };
		74552D962243CA6F00D02E15 /* lines.mp4 */ = {isa = PBXFileReference; lastKnownFileType = file; path = lines.mp4; sourceTree = "<group>"; };
		7455A14821A8E0C000679CEB /* AR.swift */ = {isa = PBXFileReference; lastKnownFileType = sourcecode.swift; path = AR.swift; sourceTree = "<group>"; };
		7457044221A9D236007C3DB9 /* FileAssistant.swift */ = {isa = PBXFileReference; fileEncoding = 4; lastKnownFileType = sourcecode.swift; path = FileAssistant.swift; sourceTree = "<group>"; };
		7457044521A9D30F007C3DB9 /* ViewAssistant.swift */ = {isa = PBXFileReference; fileEncoding = 4; lastKnownFileType = sourcecode.swift; path = ViewAssistant.swift; sourceTree = "<group>"; };
		7457044721AACAF1007C3DB9 /* 3D.scnassets */ = {isa = PBXFileReference; lastKnownFileType = wrapper.scnassets; path = 3D.scnassets; sourceTree = "<group>"; };
		7457044921AACB24007C3DB9 /* Sim.swift */ = {isa = PBXFileReference; lastKnownFileType = sourcecode.swift; path = Sim.swift; sourceTree = "<group>"; };
		746B7FE02323D5540043A20C /* TransformView.swift */ = {isa = PBXFileReference; lastKnownFileType = sourcecode.swift; path = TransformView.swift; sourceTree = "<group>"; };
		748922A6231989F60015DE35 /* Peer.swift */ = {isa = PBXFileReference; fileEncoding = 4; lastKnownFileType = sourcecode.swift; path = Peer.swift; sourceTree = "<group>"; };
		748F67E822C8E74C003A64A9 /* FileLoader.swift */ = {isa = PBXFileReference; lastKnownFileType = sourcecode.swift; path = FileLoader.swift; sourceTree = "<group>"; };
		748F67ED22C8E8EB003A64A9 /* LFOSCServer.swift */ = {isa = PBXFileReference; fileEncoding = 4; lastKnownFileType = sourcecode.swift; path = LFOSCServer.swift; sourceTree = "<group>"; };
		74976A1D231BE01D0045CEA0 /* Hue.swift */ = {isa = PBXFileReference; fileEncoding = 4; lastKnownFileType = sourcecode.swift; path = Hue.swift; sourceTree = "<group>"; };
		74976A20231BE4BC0045CEA0 /* Luma Face.entitlements */ = {isa = PBXFileReference; lastKnownFileType = text.plist.entitlements; path = "Luma Face.entitlements"; sourceTree = "<group>"; };
		74976A21231BE4BC0045CEA0 /* HomeKit.framework */ = {isa = PBXFileReference; lastKnownFileType = wrapper.framework; name = HomeKit.framework; path = System/Library/Frameworks/HomeKit.framework; sourceTree = SDKROOT; };
		74976A23231BFA750045CEA0 /* Capture.swift */ = {isa = PBXFileReference; lastKnownFileType = sourcecode.swift; path = Capture.swift; sourceTree = "<group>"; };
		74976A27231C0AD10045CEA0 /* IMG_0314.jpg */ = {isa = PBXFileReference; lastKnownFileType = image.jpeg; path = IMG_0314.jpg; sourceTree = "<group>"; };
		74976A28231C0AD20045CEA0 /* IMG_0453.PNG */ = {isa = PBXFileReference; lastKnownFileType = image.png; path = IMG_0453.PNG; sourceTree = "<group>"; };
		74976A29231C0AD20045CEA0 /* IMG_0455.PNG */ = {isa = PBXFileReference; lastKnownFileType = image.png; path = IMG_0455.PNG; sourceTree = "<group>"; };
		74976A2A231C0AD20045CEA0 /* 16F5969C-3F86-4DA2-BE13-8BA866822776.jpg */ = {isa = PBXFileReference; lastKnownFileType = image.jpeg; path = "16F5969C-3F86-4DA2-BE13-8BA866822776.jpg"; sourceTree = "<group>"; };
		74976A2B231C0AD20045CEA0 /* IMG_0454.PNG */ = {isa = PBXFileReference; lastKnownFileType = image.png; path = IMG_0454.PNG; sourceTree = "<group>"; };
		74976A2C231C0AD20045CEA0 /* IMG_0456.PNG */ = {isa = PBXFileReference; lastKnownFileType = image.png; path = IMG_0456.PNG; sourceTree = "<group>"; };
		74976A2D231C0AD20045CEA0 /* IMG_0330.JPG */ = {isa = PBXFileReference; lastKnownFileType = image.jpeg; path = IMG_0330.JPG; sourceTree = "<group>"; };
		74CF071922C93F9D00FBEEDF /* LFIP.swift */ = {isa = PBXFileReference; lastKnownFileType = sourcecode.swift; path = LFIP.swift; sourceTree = "<group>"; };
		74DB096021A8DD5E00DC061A /* Luma Face.app */ = {isa = PBXFileReference; explicitFileType = wrapper.application; includeInIndex = 0; path = "Luma Face.app"; sourceTree = BUILT_PRODUCTS_DIR; };
		74DB096321A8DD5E00DC061A /* AppDelegate.swift */ = {isa = PBXFileReference; lastKnownFileType = sourcecode.swift; path = AppDelegate.swift; sourceTree = "<group>"; };
		74DB096521A8DD5E00DC061A /* ViewController.swift */ = {isa = PBXFileReference; lastKnownFileType = sourcecode.swift; path = ViewController.swift; sourceTree = "<group>"; };
		74DB096821A8DD5E00DC061A /* Base */ = {isa = PBXFileReference; lastKnownFileType = file.storyboard; name = Base; path = Base.lproj/Main.storyboard; sourceTree = "<group>"; };
		74DB096B21A8DD5E00DC061A /* Luma_Face.xcdatamodel */ = {isa = PBXFileReference; lastKnownFileType = wrapper.xcdatamodel; path = Luma_Face.xcdatamodel; sourceTree = "<group>"; };
		74DB096D21A8DD5F00DC061A /* Assets.xcassets */ = {isa = PBXFileReference; lastKnownFileType = folder.assetcatalog; path = Assets.xcassets; sourceTree = "<group>"; };
		74DB097021A8DD5F00DC061A /* Base */ = {isa = PBXFileReference; lastKnownFileType = file.storyboard; name = Base; path = Base.lproj/LaunchScreen.storyboard; sourceTree = "<group>"; };
		74DB097221A8DD5F00DC061A /* Info.plist */ = {isa = PBXFileReference; lastKnownFileType = text.plist.xml; path = Info.plist; sourceTree = "<group>"; };
		74DB097821A8DE9D00DC061A /* Luma.swift */ = {isa = PBXFileReference; lastKnownFileType = sourcecode.swift; path = Luma.swift; sourceTree = "<group>"; };
		74DB097A21A8DECE00DC061A /* Face.swift */ = {isa = PBXFileReference; lastKnownFileType = sourcecode.swift; path = Face.swift; sourceTree = "<group>"; };
		74DC6267230995A100B396D7 /* IMG_0317.JPG */ = {isa = PBXFileReference; lastKnownFileType = image.jpeg; path = IMG_0317.JPG; sourceTree = "<group>"; };
		74DC6268230995A100B396D7 /* IMG_0395.PNG */ = {isa = PBXFileReference; lastKnownFileType = image.png; path = IMG_0395.PNG; sourceTree = "<group>"; };
		74DC6269230995A100B396D7 /* IMG_0396.PNG */ = {isa = PBXFileReference; lastKnownFileType = image.png; path = IMG_0396.PNG; sourceTree = "<group>"; };
		74DC626A230995A100B396D7 /* IMG_0398.PNG */ = {isa = PBXFileReference; lastKnownFileType = image.png; path = IMG_0398.PNG; sourceTree = "<group>"; };
		74DC626B230995A100B396D7 /* IMG_0311.jpg */ = {isa = PBXFileReference; lastKnownFileType = image.jpeg; path = IMG_0311.jpg; sourceTree = "<group>"; };
		74DC626C230995A200B396D7 /* IMG_0318.PNG */ = {isa = PBXFileReference; lastKnownFileType = image.png; path = IMG_0318.PNG; sourceTree = "<group>"; };
		74DC626D230995A200B396D7 /* IMG_0312.PNG */ = {isa = PBXFileReference; lastKnownFileType = image.png; path = IMG_0312.PNG; sourceTree = "<group>"; };
		74DC626E230995A200B396D7 /* IMG_0397.PNG */ = {isa = PBXFileReference; lastKnownFileType = image.png; path = IMG_0397.PNG; sourceTree = "<group>"; };
		74DC626F230995A200B396D7 /* IMG_0400.PNG */ = {isa = PBXFileReference; lastKnownFileType = image.png; path = IMG_0400.PNG; sourceTree = "<group>"; };
		74FABD762244013A00E96B60 /* skiss1.mov */ = {isa = PBXFileReference; lastKnownFileType = video.quicktime; path = skiss1.mov; sourceTree = "<group>"; };
		74FABD78224401AD00E96B60 /* screen.mov */ = {isa = PBXFileReference; lastKnownFileType = video.quicktime; path = screen.mov; sourceTree = "<group>"; };
		7C9F71AA8678057DAFA051CE /* Pods-Luma Face.release.xcconfig */ = {isa = PBXFileReference; includeInIndex = 1; lastKnownFileType = text.xcconfig; name = "Pods-Luma Face.release.xcconfig"; path = "Target Support Files/Pods-Luma Face/Pods-Luma Face.release.xcconfig"; sourceTree = "<group>"; };
		93A3AF8CB9DBD226021FC41A /* Pods-Luma Browser.release.xcconfig */ = {isa = PBXFileReference; includeInIndex = 1; lastKnownFileType = text.xcconfig; name = "Pods-Luma Browser.release.xcconfig"; path = "Target Support Files/Pods-Luma Browser/Pods-Luma Browser.release.xcconfig"; sourceTree = "<group>"; };
		B74F44E050A2FB6F4DFE765E /* Pods-Luma Face.debug.xcconfig */ = {isa = PBXFileReference; includeInIndex = 1; lastKnownFileType = text.xcconfig; name = "Pods-Luma Face.debug.xcconfig"; path = "Target Support Files/Pods-Luma Face/Pods-Luma Face.debug.xcconfig"; sourceTree = "<group>"; };
/* End PBXFileReference section */

/* Begin PBXFrameworksBuildPhase section */
		7411B51622A1920300F861BD /* Frameworks */ = {
			isa = PBXFrameworksBuildPhase;
			buildActionMask = 2147483647;
			files = (
				150C004B8A47DA3BECAEF73F /* Pods_Luma_Browser.framework in Frameworks */,
			);
			runOnlyForDeploymentPostprocessing = 0;
		};
		74DB095D21A8DD5E00DC061A /* Frameworks */ = {
			isa = PBXFrameworksBuildPhase;
			buildActionMask = 2147483647;
			files = (
				74976A22231BE4BC0045CEA0 /* HomeKit.framework in Frameworks */,
				D02B8ACE3AEFCEC0954F0B86 /* Pods_Luma_Face.framework in Frameworks */,
			);
			runOnlyForDeploymentPostprocessing = 0;
		};
/* End PBXFrameworksBuildPhase section */

/* Begin PBXGroup section */
		0C76AA50EE81CC9DD6069746 /* Pods */ = {
			isa = PBXGroup;
			children = (
				2D705D7D1B41E6FB06DA6FD5 /* Pods-Luma Browser.debug.xcconfig */,
				93A3AF8CB9DBD226021FC41A /* Pods-Luma Browser.release.xcconfig */,
				B74F44E050A2FB6F4DFE765E /* Pods-Luma Face.debug.xcconfig */,
				7C9F71AA8678057DAFA051CE /* Pods-Luma Face.release.xcconfig */,
			);
			path = Pods;
			sourceTree = "<group>";
		};
		7411B51A22A1920300F861BD /* Luma Browser */ = {
			isa = PBXGroup;
			children = (
				7411B52B22A1921100F861BD /* Source */,
				7411B52C22A1921600F861BD /* Resources */,
			);
			path = "Luma Browser";
			sourceTree = "<group>";
		};
		7411B52B22A1921100F861BD /* Source */ = {
			isa = PBXGroup;
			children = (
				7411B51B22A1920300F861BD /* AppDelegate.swift */,
				7411B51D22A1920300F861BD /* ViewController.swift */,
				7411B52E22A1926100F861BD /* LumaBrowseView.swift */,
				7429DDB322FD712000ED472D /* LiveCamView.swift */,
				746B7FE02323D5540043A20C /* TransformView.swift */,
			);
			path = Source;
			sourceTree = "<group>";
		};
		7411B52C22A1921600F861BD /* Resources */ = {
			isa = PBXGroup;
			children = (
				7411B51F22A1920300F861BD /* Main.storyboard */,
				7411B52222A1920400F861BD /* Assets.xcassets */,
				7411B52422A1920400F861BD /* LaunchScreen.storyboard */,
				7411B52722A1920400F861BD /* Info.plist */,
			);
			path = Resources;
			sourceTree = "<group>";
		};
		7411B52D22A1922400F861BD /* Luma Face */ = {
			isa = PBXGroup;
			children = (
				74976A20231BE4BC0045CEA0 /* Luma Face.entitlements */,
				74DB096221A8DD5E00DC061A /* Source */,
				74DB097C21A8DF5400DC061A /* Resources */,
			);
			path = "Luma Face";
			sourceTree = "<group>";
		};
		7411B53022A1B3A400F861BD /* Images */ = {
			isa = PBXGroup;
			children = (
				7411B53122A1B3A400F861BD /* MASTER-2_00000.png */,
				7411B53622A1B3A400F861BD /* IMG_0069.jpg */,
				7411B53822A1B3A400F861BD /* test_3.jpg */,
				74976A2A231C0AD20045CEA0 /* 16F5969C-3F86-4DA2-BE13-8BA866822776.jpg */,
				74976A27231C0AD10045CEA0 /* IMG_0314.jpg */,
				74976A2D231C0AD20045CEA0 /* IMG_0330.JPG */,
				74976A28231C0AD20045CEA0 /* IMG_0453.PNG */,
				74976A2B231C0AD20045CEA0 /* IMG_0454.PNG */,
				74976A29231C0AD20045CEA0 /* IMG_0455.PNG */,
				74976A2C231C0AD20045CEA0 /* IMG_0456.PNG */,
				7411B53D22A1B3A400F861BD /* IMG_0025.jpg */,
				74DC626B230995A100B396D7 /* IMG_0311.jpg */,
				74DC626D230995A200B396D7 /* IMG_0312.PNG */,
				74DC6267230995A100B396D7 /* IMG_0317.JPG */,
				74DC626C230995A200B396D7 /* IMG_0318.PNG */,
				74DC6268230995A100B396D7 /* IMG_0395.PNG */,
				74DC6269230995A100B396D7 /* IMG_0396.PNG */,
				74DC626E230995A200B396D7 /* IMG_0397.PNG */,
				74DC626A230995A100B396D7 /* IMG_0398.PNG */,
				74DC626F230995A200B396D7 /* IMG_0400.PNG */,
			);
			path = Images;
			sourceTree = "<group>";
		};
		74552D952243CA6F00D02E15 /* Videos */ = {
			isa = PBXGroup;
			children = (
				74FABD762244013A00E96B60 /* skiss1.mov */,
				74552D962243CA6F00D02E15 /* lines.mp4 */,
				74FABD78224401AD00E96B60 /* screen.mov */,
			);
			path = Videos;
			sourceTree = "<group>";
		};
		74552DA42243CB4100D02E15 /* Content */ = {
			isa = PBXGroup;
			children = (
				7411B53022A1B3A400F861BD /* Images */,
				74552D952243CA6F00D02E15 /* Videos */,
			);
			path = Content;
			sourceTree = "<group>";
		};
		7455A15421A8E19500679CEB /* Frameworks */ = {
			isa = PBXGroup;
			children = (
				74976A21231BE4BC0045CEA0 /* HomeKit.framework */,
				08C8A952A55AF14CD41B099B /* Pods_Luma_Browser.framework */,
				6F9766BB092F7F83D6A4DEB1 /* Pods_Luma_Face.framework */,
			);
			name = Frameworks;
			sourceTree = "<group>";
		};
		748F67E622C8E68E003A64A9 /* Common */ = {
			isa = PBXGroup;
			children = (
				748F67EB22C8E77C003A64A9 /* Source */,
				748F67EC22C8E782003A64A9 /* Resources */,
			);
			path = Common;
			sourceTree = "<group>";
		};
		748F67EB22C8E77C003A64A9 /* Source */ = {
			isa = PBXGroup;
			children = (
				748F67E822C8E74C003A64A9 /* FileLoader.swift */,
				748F67ED22C8E8EB003A64A9 /* LFOSCServer.swift */,
				7429DDB022FD6D2B00ED472D /* LFOSCClient.swift */,
				74CF071922C93F9D00FBEEDF /* LFIP.swift */,
				748922A6231989F60015DE35 /* Peer.swift */,
				74976A1D231BE01D0045CEA0 /* Hue.swift */,
				74976A23231BFA750045CEA0 /* Capture.swift */,
			);
			path = Source;
			sourceTree = "<group>";
		};
		748F67EC22C8E782003A64A9 /* Resources */ = {
			isa = PBXGroup;
			children = (
				7457044721AACAF1007C3DB9 /* 3D.scnassets */,
				74552DA42243CB4100D02E15 /* Content */,
			);
			path = Resources;
			sourceTree = "<group>";
		};
		74DB095721A8DD5E00DC061A = {
			isa = PBXGroup;
			children = (
				748F67E622C8E68E003A64A9 /* Common */,
				7411B52D22A1922400F861BD /* Luma Face */,
				7411B51A22A1920300F861BD /* Luma Browser */,
				74DB096121A8DD5E00DC061A /* Products */,
				7455A15421A8E19500679CEB /* Frameworks */,
				0C76AA50EE81CC9DD6069746 /* Pods */,
			);
			sourceTree = "<group>";
		};
		74DB096121A8DD5E00DC061A /* Products */ = {
			isa = PBXGroup;
			children = (
				74DB096021A8DD5E00DC061A /* Luma Face.app */,
				7411B51922A1920300F861BD /* Luma Browser.app */,
			);
			name = Products;
			sourceTree = "<group>";
		};
		74DB096221A8DD5E00DC061A /* Source */ = {
			isa = PBXGroup;
			children = (
				74DB096321A8DD5E00DC061A /* AppDelegate.swift */,
				74DB096521A8DD5E00DC061A /* ViewController.swift */,
				74DB097821A8DE9D00DC061A /* Luma.swift */,
				74DB097A21A8DECE00DC061A /* Face.swift */,
				7455A14821A8E0C000679CEB /* AR.swift */,
				7457044921AACB24007C3DB9 /* Sim.swift */,
				7457044521A9D30F007C3DB9 /* ViewAssistant.swift */,
				7457044221A9D236007C3DB9 /* FileAssistant.swift */,
				74552D662243C36B00D02E15 /* Content.swift */,
			);
			path = Source;
			sourceTree = "<group>";
		};
		74DB097C21A8DF5400DC061A /* Resources */ = {
			isa = PBXGroup;
			children = (
				74DB096721A8DD5E00DC061A /* Main.storyboard */,
				74DB096D21A8DD5F00DC061A /* Assets.xcassets */,
				74DB096F21A8DD5F00DC061A /* LaunchScreen.storyboard */,
				74DB097221A8DD5F00DC061A /* Info.plist */,
				74DB096A21A8DD5E00DC061A /* Luma_Face.xcdatamodeld */,
			);
			path = Resources;
			sourceTree = "<group>";
		};
/* End PBXGroup section */

/* Begin PBXNativeTarget section */
		7411B51822A1920300F861BD /* Luma Browser */ = {
			isa = PBXNativeTarget;
			buildConfigurationList = 7411B52A22A1920400F861BD /* Build configuration list for PBXNativeTarget "Luma Browser" */;
			buildPhases = (
				6F72B554D58F8C933315BE07 /* [CP] Check Pods Manifest.lock */,
				7411B51522A1920300F861BD /* Sources */,
				7411B51622A1920300F861BD /* Frameworks */,
				7411B51722A1920300F861BD /* Resources */,
				C58F9045163751C13D9B0554 /* [CP] Embed Pods Frameworks */,
			);
			buildRules = (
			);
			dependencies = (
			);
			name = "Luma Browser";
			productName = "Luma Browser";
			productReference = 7411B51922A1920300F861BD /* Luma Browser.app */;
			productType = "com.apple.product-type.application";
		};
		74DB095F21A8DD5E00DC061A /* Luma Face */ = {
			isa = PBXNativeTarget;
			buildConfigurationList = 74DB097521A8DD5F00DC061A /* Build configuration list for PBXNativeTarget "Luma Face" */;
			buildPhases = (
				D180F9E361A967016D97618D /* [CP] Check Pods Manifest.lock */,
				74DB095C21A8DD5E00DC061A /* Sources */,
				74DB095D21A8DD5E00DC061A /* Frameworks */,
				74DB095E21A8DD5E00DC061A /* Resources */,
				7455A14721A8E07E00679CEB /* Build Number */,
				745D090621F6439C0096B917 /* Embed Frameworks */,
				991D64A02C3E5DD2B4DD0C9D /* [CP] Embed Pods Frameworks */,
			);
			buildRules = (
			);
			dependencies = (
			);
			name = "Luma Face";
			productName = "Luma Face";
			productReference = 74DB096021A8DD5E00DC061A /* Luma Face.app */;
			productType = "com.apple.product-type.application";
		};
/* End PBXNativeTarget section */

/* Begin PBXProject section */
		74DB095821A8DD5E00DC061A /* Project object */ = {
			isa = PBXProject;
			attributes = {
				LastSwiftUpdateCheck = 1020;
				LastUpgradeCheck = 1010;
				ORGANIZATIONNAME = Hexagons;
				TargetAttributes = {
					7411B51822A1920300F861BD = {
						CreatedOnToolsVersion = 10.2.1;
					};
					74DB095F21A8DD5E00DC061A = {
						CreatedOnToolsVersion = 10.1;
					};
				};
			};
			buildConfigurationList = 74DB095B21A8DD5E00DC061A /* Build configuration list for PBXProject "Luma Face" */;
			compatibilityVersion = "Xcode 9.3";
			developmentRegion = en;
			hasScannedForEncodings = 0;
			knownRegions = (
				en,
				Base,
			);
			mainGroup = 74DB095721A8DD5E00DC061A;
			productRefGroup = 74DB096121A8DD5E00DC061A /* Products */;
			projectDirPath = "";
			projectRoot = "";
			targets = (
				74DB095F21A8DD5E00DC061A /* Luma Face */,
				7411B51822A1920300F861BD /* Luma Browser */,
			);
		};
/* End PBXProject section */

/* Begin PBXResourcesBuildPhase section */
		7411B51722A1920300F861BD /* Resources */ = {
			isa = PBXResourcesBuildPhase;
			buildActionMask = 2147483647;
			files = (
				74976A37231C0AD20045CEA0 /* IMG_0454.PNG in Resources */,
				7411B52622A1920400F861BD /* LaunchScreen.storyboard in Resources */,
				74DC6281230995A200B396D7 /* IMG_0400.PNG in Resources */,
				74976A3B231C0AD20045CEA0 /* IMG_0330.JPG in Resources */,
				74DC627D230995A200B396D7 /* IMG_0312.PNG in Resources */,
				74976A31231C0AD20045CEA0 /* IMG_0453.PNG in Resources */,
				74DC6275230995A200B396D7 /* IMG_0396.PNG in Resources */,
				74DC6273230995A200B396D7 /* IMG_0395.PNG in Resources */,
				74976A35231C0AD20045CEA0 /* 16F5969C-3F86-4DA2-BE13-8BA866822776.jpg in Resources */,
				7411B54D22A1B3A400F861BD /* test_3.jpg in Resources */,
				74976A39231C0AD20045CEA0 /* IMG_0456.PNG in Resources */,
				74DC6277230995A200B396D7 /* IMG_0398.PNG in Resources */,
				7411B54922A1B3A400F861BD /* IMG_0069.jpg in Resources */,
				7411B52322A1920400F861BD /* Assets.xcassets in Resources */,
				74DC627F230995A200B396D7 /* IMG_0397.PNG in Resources */,
				7411B52122A1920300F861BD /* Main.storyboard in Resources */,
				7411B53F22A1B3A400F861BD /* MASTER-2_00000.png in Resources */,
				7411B55822A1B61300F861BD /* 3D.scnassets in Resources */,
				74DC6271230995A200B396D7 /* IMG_0317.JPG in Resources */,
				74976A33231C0AD20045CEA0 /* IMG_0455.PNG in Resources */,
				74DC6279230995A200B396D7 /* IMG_0311.jpg in Resources */,
				74976A2F231C0AD20045CEA0 /* IMG_0314.jpg in Resources */,
				74DC627B230995A200B396D7 /* IMG_0318.PNG in Resources */,
				7411B55722A1B3A400F861BD /* IMG_0025.jpg in Resources */,
			);
			runOnlyForDeploymentPostprocessing = 0;
		};
		74DB095E21A8DD5E00DC061A /* Resources */ = {
			isa = PBXResourcesBuildPhase;
			buildActionMask = 2147483647;
			files = (
				74FABD772244013A00E96B60 /* skiss1.mov in Resources */,
				74976A3A231C0AD20045CEA0 /* IMG_0330.JPG in Resources */,
				74976A32231C0AD20045CEA0 /* IMG_0455.PNG in Resources */,
				74DC627C230995A200B396D7 /* IMG_0312.PNG in Resources */,
				7411B54822A1B3A400F861BD /* IMG_0069.jpg in Resources */,
				74DC6280230995A200B396D7 /* IMG_0400.PNG in Resources */,
				74976A30231C0AD20045CEA0 /* IMG_0453.PNG in Resources */,
				74976A26231BFDE90045CEA0 /* Assets.xcassets in Resources */,
				74DC6272230995A200B396D7 /* IMG_0395.PNG in Resources */,
				74FABD79224401AD00E96B60 /* screen.mov in Resources */,
				7411B53E22A1B3A400F861BD /* MASTER-2_00000.png in Resources */,
				74976A38231C0AD20045CEA0 /* IMG_0456.PNG in Resources */,
				74DB097121A8DD5F00DC061A /* LaunchScreen.storyboard in Resources */,
				7411B54C22A1B3A400F861BD /* test_3.jpg in Resources */,
				74DC6270230995A200B396D7 /* IMG_0317.JPG in Resources */,
				7411B55622A1B3A400F861BD /* IMG_0025.jpg in Resources */,
				74DC627A230995A200B396D7 /* IMG_0318.PNG in Resources */,
				74976A34231C0AD20045CEA0 /* 16F5969C-3F86-4DA2-BE13-8BA866822776.jpg in Resources */,
				7457044821AACAF1007C3DB9 /* 3D.scnassets in Resources */,
				74DC6274230995A200B396D7 /* IMG_0396.PNG in Resources */,
				74DC6278230995A200B396D7 /* IMG_0311.jpg in Resources */,
				74976A2E231C0AD20045CEA0 /* IMG_0314.jpg in Resources */,
				74DC627E230995A200B396D7 /* IMG_0397.PNG in Resources */,
				74976A36231C0AD20045CEA0 /* IMG_0454.PNG in Resources */,
				74552DA32243CA6F00D02E15 /* lines.mp4 in Resources */,
				74DC6276230995A200B396D7 /* IMG_0398.PNG in Resources */,
				74DB096921A8DD5E00DC061A /* Main.storyboard in Resources */,
			);
			runOnlyForDeploymentPostprocessing = 0;
		};
/* End PBXResourcesBuildPhase section */

/* Begin PBXShellScriptBuildPhase section */
		6F72B554D58F8C933315BE07 /* [CP] Check Pods Manifest.lock */ = {
			isa = PBXShellScriptBuildPhase;
			buildActionMask = 2147483647;
			files = (
			);
			inputFileListPaths = (
			);
			inputPaths = (
				"${PODS_PODFILE_DIR_PATH}/Podfile.lock",
				"${PODS_ROOT}/Manifest.lock",
			);
			name = "[CP] Check Pods Manifest.lock";
			outputFileListPaths = (
			);
			outputPaths = (
				"$(DERIVED_FILE_DIR)/Pods-Luma Browser-checkManifestLockResult.txt",
			);
			runOnlyForDeploymentPostprocessing = 0;
			shellPath = /bin/sh;
			shellScript = "diff \"${PODS_PODFILE_DIR_PATH}/Podfile.lock\" \"${PODS_ROOT}/Manifest.lock\" > /dev/null\nif [ $? != 0 ] ; then\n    # print error to STDERR\n    echo \"error: The sandbox is not in sync with the Podfile.lock. Run 'pod install' or update your CocoaPods installation.\" >&2\n    exit 1\nfi\n# This output is used by Xcode 'outputs' to avoid re-running this script phase.\necho \"SUCCESS\" > \"${SCRIPT_OUTPUT_FILE_0}\"\n";
			showEnvVarsInLog = 0;
		};
		7455A14721A8E07E00679CEB /* Build Number */ = {
			isa = PBXShellScriptBuildPhase;
			buildActionMask = 2147483647;
			files = (
			);
			inputFileListPaths = (
			);
			inputPaths = (
			);
			name = "Build Number";
			outputFileListPaths = (
			);
			outputPaths = (
			);
			runOnlyForDeploymentPostprocessing = 0;
			shellPath = /bin/sh;
			shellScript = "buildNumber=$(/usr/libexec/PlistBuddy -c \"Print CFBundleVersion\" \"${INFOPLIST_FILE}\")\nbuildNumber=$(($buildNumber + 1))\n/usr/libexec/PlistBuddy -c \"Set :CFBundleVersion $buildNumber\" \"${INFOPLIST_FILE}\"\n";
		};
		991D64A02C3E5DD2B4DD0C9D /* [CP] Embed Pods Frameworks */ = {
			isa = PBXShellScriptBuildPhase;
			buildActionMask = 2147483647;
			files = (
			);
			inputFileListPaths = (
				"${PODS_ROOT}/Target Support Files/Pods-Luma Face/Pods-Luma Face-frameworks-${CONFIGURATION}-input-files.xcfilelist",
			);
			name = "[CP] Embed Pods Frameworks";
			outputFileListPaths = (
				"${PODS_ROOT}/Target Support Files/Pods-Luma Face/Pods-Luma Face-frameworks-${CONFIGURATION}-output-files.xcfilelist",
			);
			runOnlyForDeploymentPostprocessing = 0;
			shellPath = /bin/sh;
			shellScript = "\"${PODS_ROOT}/Target Support Files/Pods-Luma Face/Pods-Luma Face-frameworks.sh\"\n";
			showEnvVarsInLog = 0;
		};
		C58F9045163751C13D9B0554 /* [CP] Embed Pods Frameworks */ = {
			isa = PBXShellScriptBuildPhase;
			buildActionMask = 2147483647;
			files = (
			);
			inputFileListPaths = (
				"${PODS_ROOT}/Target Support Files/Pods-Luma Browser/Pods-Luma Browser-frameworks-${CONFIGURATION}-input-files.xcfilelist",
			);
			name = "[CP] Embed Pods Frameworks";
			outputFileListPaths = (
				"${PODS_ROOT}/Target Support Files/Pods-Luma Browser/Pods-Luma Browser-frameworks-${CONFIGURATION}-output-files.xcfilelist",
			);
			runOnlyForDeploymentPostprocessing = 0;
			shellPath = /bin/sh;
			shellScript = "\"${PODS_ROOT}/Target Support Files/Pods-Luma Browser/Pods-Luma Browser-frameworks.sh\"\n";
			showEnvVarsInLog = 0;
		};
		D180F9E361A967016D97618D /* [CP] Check Pods Manifest.lock */ = {
			isa = PBXShellScriptBuildPhase;
			buildActionMask = 2147483647;
			files = (
			);
			inputFileListPaths = (
			);
			inputPaths = (
				"${PODS_PODFILE_DIR_PATH}/Podfile.lock",
				"${PODS_ROOT}/Manifest.lock",
			);
			name = "[CP] Check Pods Manifest.lock";
			outputFileListPaths = (
			);
			outputPaths = (
				"$(DERIVED_FILE_DIR)/Pods-Luma Face-checkManifestLockResult.txt",
			);
			runOnlyForDeploymentPostprocessing = 0;
			shellPath = /bin/sh;
			shellScript = "diff \"${PODS_PODFILE_DIR_PATH}/Podfile.lock\" \"${PODS_ROOT}/Manifest.lock\" > /dev/null\nif [ $? != 0 ] ; then\n    # print error to STDERR\n    echo \"error: The sandbox is not in sync with the Podfile.lock. Run 'pod install' or update your CocoaPods installation.\" >&2\n    exit 1\nfi\n# This output is used by Xcode 'outputs' to avoid re-running this script phase.\necho \"SUCCESS\" > \"${SCRIPT_OUTPUT_FILE_0}\"\n";
			showEnvVarsInLog = 0;
		};
/* End PBXShellScriptBuildPhase section */

/* Begin PBXSourcesBuildPhase section */
		7411B51522A1920300F861BD /* Sources */ = {
			isa = PBXSourcesBuildPhase;
			buildActionMask = 2147483647;
			files = (
				74976A1F231BE0210045CEA0 /* Hue.swift in Sources */,
				748922A8231989F60015DE35 /* Peer.swift in Sources */,
				7429DDB522FD712000ED472D /* LiveCamView.swift in Sources */,
				7411B51E22A1920300F861BD /* ViewController.swift in Sources */,
				7429DDB222FD6D2C00ED472D /* LFOSCClient.swift in Sources */,
				746B7FE12323D5540043A20C /* TransformView.swift in Sources */,
				74CF071B22C93F9D00FBEEDF /* LFIP.swift in Sources */,
				7411B51C22A1920300F861BD /* AppDelegate.swift in Sources */,
				74976A25231BFA7A0045CEA0 /* Capture.swift in Sources */,
				748F67EA22C8E74C003A64A9 /* FileLoader.swift in Sources */,
				7411B52F22A1926100F861BD /* LumaBrowseView.swift in Sources */,
				748F67EF22C8E8EB003A64A9 /* LFOSCServer.swift in Sources */,
			);
			runOnlyForDeploymentPostprocessing = 0;
		};
		74DB095C21A8DD5E00DC061A /* Sources */ = {
			isa = PBXSourcesBuildPhase;
			buildActionMask = 2147483647;
			files = (
				74DB096621A8DD5E00DC061A /* ViewController.swift in Sources */,
				748922A7231989F60015DE35 /* Peer.swift in Sources */,
				74DB096C21A8DD5E00DC061A /* Luma_Face.xcdatamodeld in Sources */,
				74CF071A22C93F9D00FBEEDF /* LFIP.swift in Sources */,
				7457044A21AACB24007C3DB9 /* Sim.swift in Sources */,
				7429DDB422FD712000ED472D /* LiveCamView.swift in Sources */,
				748F67E922C8E74C003A64A9 /* FileLoader.swift in Sources */,
				74552D672243C36B00D02E15 /* Content.swift in Sources */,
				7455A14921A8E0C000679CEB /* AR.swift in Sources */,
				7457044621A9D30F007C3DB9 /* ViewAssistant.swift in Sources */,
				7429DDB122FD6D2C00ED472D /* LFOSCClient.swift in Sources */,
				74DB097B21A8DECE00DC061A /* Face.swift in Sources */,
				74976A24231BFA750045CEA0 /* Capture.swift in Sources */,
				74DB096421A8DD5E00DC061A /* AppDelegate.swift in Sources */,
				748F67EE22C8E8EB003A64A9 /* LFOSCServer.swift in Sources */,
				74DB097921A8DE9D00DC061A /* Luma.swift in Sources */,
				74976A1E231BE01D0045CEA0 /* Hue.swift in Sources */,
				7457044421A9D236007C3DB9 /* FileAssistant.swift in Sources */,
			);
			runOnlyForDeploymentPostprocessing = 0;
		};
/* End PBXSourcesBuildPhase section */

/* Begin PBXVariantGroup section */
		7411B51F22A1920300F861BD /* Main.storyboard */ = {
			isa = PBXVariantGroup;
			children = (
				7411B52022A1920300F861BD /* Base */,
			);
			name = Main.storyboard;
			sourceTree = "<group>";
		};
		7411B52422A1920400F861BD /* LaunchScreen.storyboard */ = {
			isa = PBXVariantGroup;
			children = (
				7411B52522A1920400F861BD /* Base */,
			);
			name = LaunchScreen.storyboard;
			sourceTree = "<group>";
		};
		74DB096721A8DD5E00DC061A /* Main.storyboard */ = {
			isa = PBXVariantGroup;
			children = (
				74DB096821A8DD5E00DC061A /* Base */,
			);
			name = Main.storyboard;
			sourceTree = "<group>";
		};
		74DB096F21A8DD5F00DC061A /* LaunchScreen.storyboard */ = {
			isa = PBXVariantGroup;
			children = (
				74DB097021A8DD5F00DC061A /* Base */,
			);
			name = LaunchScreen.storyboard;
			sourceTree = "<group>";
		};
/* End PBXVariantGroup section */

/* Begin XCBuildConfiguration section */
		7411B52822A1920400F861BD /* Debug */ = {
			isa = XCBuildConfiguration;
			baseConfigurationReference = 2D705D7D1B41E6FB06DA6FD5 /* Pods-Luma Browser.debug.xcconfig */;
			buildSettings = {
				ASSETCATALOG_COMPILER_APPICON_NAME = AppIcon;
				CODE_SIGN_STYLE = Automatic;
				DEVELOPMENT_TEAM = 2QHTY6FMW2;
				INFOPLIST_FILE = "$(SRCROOT)/Luma Browser/Resources/Info.plist";
				IPHONEOS_DEPLOYMENT_TARGET = 12.2;
				LD_RUNPATH_SEARCH_PATHS = (
					"$(inherited)",
					"@executable_path/Frameworks",
				);
				PRODUCT_BUNDLE_IDENTIFIER = se.hexagons.luma.face.browser;
				PRODUCT_NAME = "$(TARGET_NAME)";
				SWIFT_VERSION = 5.0;
				TARGETED_DEVICE_FAMILY = "1,2";
			};
			name = Debug;
		};
		7411B52922A1920400F861BD /* Release */ = {
			isa = XCBuildConfiguration;
			baseConfigurationReference = 93A3AF8CB9DBD226021FC41A /* Pods-Luma Browser.release.xcconfig */;
			buildSettings = {
				ASSETCATALOG_COMPILER_APPICON_NAME = AppIcon;
				CODE_SIGN_STYLE = Automatic;
				DEVELOPMENT_TEAM = 2QHTY6FMW2;
				INFOPLIST_FILE = "$(SRCROOT)/Luma Browser/Resources/Info.plist";
				IPHONEOS_DEPLOYMENT_TARGET = 12.2;
				LD_RUNPATH_SEARCH_PATHS = (
					"$(inherited)",
					"@executable_path/Frameworks",
				);
				PRODUCT_BUNDLE_IDENTIFIER = se.hexagons.luma.face.browser;
				PRODUCT_NAME = "$(TARGET_NAME)";
				SWIFT_VERSION = 5.0;
				TARGETED_DEVICE_FAMILY = "1,2";
			};
			name = Release;
		};
		74DB097321A8DD5F00DC061A /* Debug */ = {
			isa = XCBuildConfiguration;
			buildSettings = {
				ALWAYS_SEARCH_USER_PATHS = NO;
				CLANG_ANALYZER_NONNULL = YES;
				CLANG_ANALYZER_NUMBER_OBJECT_CONVERSION = YES_AGGRESSIVE;
				CLANG_CXX_LANGUAGE_STANDARD = "gnu++14";
				CLANG_CXX_LIBRARY = "libc++";
				CLANG_ENABLE_MODULES = YES;
				CLANG_ENABLE_OBJC_ARC = YES;
				CLANG_ENABLE_OBJC_WEAK = YES;
				CLANG_WARN_BLOCK_CAPTURE_AUTORELEASING = YES;
				CLANG_WARN_BOOL_CONVERSION = YES;
				CLANG_WARN_COMMA = YES;
				CLANG_WARN_CONSTANT_CONVERSION = YES;
				CLANG_WARN_DEPRECATED_OBJC_IMPLEMENTATIONS = YES;
				CLANG_WARN_DIRECT_OBJC_ISA_USAGE = YES_ERROR;
				CLANG_WARN_DOCUMENTATION_COMMENTS = YES;
				CLANG_WARN_EMPTY_BODY = YES;
				CLANG_WARN_ENUM_CONVERSION = YES;
				CLANG_WARN_INFINITE_RECURSION = YES;
				CLANG_WARN_INT_CONVERSION = YES;
				CLANG_WARN_NON_LITERAL_NULL_CONVERSION = YES;
				CLANG_WARN_OBJC_IMPLICIT_RETAIN_SELF = YES;
				CLANG_WARN_OBJC_LITERAL_CONVERSION = YES;
				CLANG_WARN_OBJC_ROOT_CLASS = YES_ERROR;
				CLANG_WARN_RANGE_LOOP_ANALYSIS = YES;
				CLANG_WARN_STRICT_PROTOTYPES = YES;
				CLANG_WARN_SUSPICIOUS_MOVE = YES;
				CLANG_WARN_UNGUARDED_AVAILABILITY = YES_AGGRESSIVE;
				CLANG_WARN_UNREACHABLE_CODE = YES;
				CLANG_WARN__DUPLICATE_METHOD_MATCH = YES;
				CODE_SIGN_IDENTITY = "iPhone Developer";
				COPY_PHASE_STRIP = NO;
				DEBUG_INFORMATION_FORMAT = dwarf;
				ENABLE_STRICT_OBJC_MSGSEND = YES;
				ENABLE_TESTABILITY = YES;
				GCC_C_LANGUAGE_STANDARD = gnu11;
				GCC_DYNAMIC_NO_PIC = NO;
				GCC_NO_COMMON_BLOCKS = YES;
				GCC_OPTIMIZATION_LEVEL = 0;
				GCC_PREPROCESSOR_DEFINITIONS = (
					"DEBUG=1",
					"$(inherited)",
				);
				GCC_WARN_64_TO_32_BIT_CONVERSION = YES;
				GCC_WARN_ABOUT_RETURN_TYPE = YES_ERROR;
				GCC_WARN_UNDECLARED_SELECTOR = YES;
				GCC_WARN_UNINITIALIZED_AUTOS = YES_AGGRESSIVE;
				GCC_WARN_UNUSED_FUNCTION = YES;
				GCC_WARN_UNUSED_VARIABLE = YES;
				IPHONEOS_DEPLOYMENT_TARGET = 12.1;
				MTL_ENABLE_DEBUG_INFO = INCLUDE_SOURCE;
				MTL_FAST_MATH = YES;
				ONLY_ACTIVE_ARCH = YES;
				SDKROOT = iphoneos;
				SWIFT_ACTIVE_COMPILATION_CONDITIONS = DEBUG;
				SWIFT_OPTIMIZATION_LEVEL = "-Onone";
			};
			name = Debug;
		};
		74DB097421A8DD5F00DC061A /* Release */ = {
			isa = XCBuildConfiguration;
			buildSettings = {
				ALWAYS_SEARCH_USER_PATHS = NO;
				CLANG_ANALYZER_NONNULL = YES;
				CLANG_ANALYZER_NUMBER_OBJECT_CONVERSION = YES_AGGRESSIVE;
				CLANG_CXX_LANGUAGE_STANDARD = "gnu++14";
				CLANG_CXX_LIBRARY = "libc++";
				CLANG_ENABLE_MODULES = YES;
				CLANG_ENABLE_OBJC_ARC = YES;
				CLANG_ENABLE_OBJC_WEAK = YES;
				CLANG_WARN_BLOCK_CAPTURE_AUTORELEASING = YES;
				CLANG_WARN_BOOL_CONVERSION = YES;
				CLANG_WARN_COMMA = YES;
				CLANG_WARN_CONSTANT_CONVERSION = YES;
				CLANG_WARN_DEPRECATED_OBJC_IMPLEMENTATIONS = YES;
				CLANG_WARN_DIRECT_OBJC_ISA_USAGE = YES_ERROR;
				CLANG_WARN_DOCUMENTATION_COMMENTS = YES;
				CLANG_WARN_EMPTY_BODY = YES;
				CLANG_WARN_ENUM_CONVERSION = YES;
				CLANG_WARN_INFINITE_RECURSION = YES;
				CLANG_WARN_INT_CONVERSION = YES;
				CLANG_WARN_NON_LITERAL_NULL_CONVERSION = YES;
				CLANG_WARN_OBJC_IMPLICIT_RETAIN_SELF = YES;
				CLANG_WARN_OBJC_LITERAL_CONVERSION = YES;
				CLANG_WARN_OBJC_ROOT_CLASS = YES_ERROR;
				CLANG_WARN_RANGE_LOOP_ANALYSIS = YES;
				CLANG_WARN_STRICT_PROTOTYPES = YES;
				CLANG_WARN_SUSPICIOUS_MOVE = YES;
				CLANG_WARN_UNGUARDED_AVAILABILITY = YES_AGGRESSIVE;
				CLANG_WARN_UNREACHABLE_CODE = YES;
				CLANG_WARN__DUPLICATE_METHOD_MATCH = YES;
				CODE_SIGN_IDENTITY = "iPhone Developer";
				COPY_PHASE_STRIP = NO;
				DEBUG_INFORMATION_FORMAT = "dwarf-with-dsym";
				ENABLE_NS_ASSERTIONS = NO;
				ENABLE_STRICT_OBJC_MSGSEND = YES;
				GCC_C_LANGUAGE_STANDARD = gnu11;
				GCC_NO_COMMON_BLOCKS = YES;
				GCC_WARN_64_TO_32_BIT_CONVERSION = YES;
				GCC_WARN_ABOUT_RETURN_TYPE = YES_ERROR;
				GCC_WARN_UNDECLARED_SELECTOR = YES;
				GCC_WARN_UNINITIALIZED_AUTOS = YES_AGGRESSIVE;
				GCC_WARN_UNUSED_FUNCTION = YES;
				GCC_WARN_UNUSED_VARIABLE = YES;
				IPHONEOS_DEPLOYMENT_TARGET = 12.1;
				MTL_ENABLE_DEBUG_INFO = NO;
				MTL_FAST_MATH = YES;
				SDKROOT = iphoneos;
				SWIFT_COMPILATION_MODE = wholemodule;
				SWIFT_OPTIMIZATION_LEVEL = "-O";
				VALIDATE_PRODUCT = YES;
			};
			name = Release;
		};
		74DB097621A8DD5F00DC061A /* Debug */ = {
			isa = XCBuildConfiguration;
			baseConfigurationReference = B74F44E050A2FB6F4DFE765E /* Pods-Luma Face.debug.xcconfig */;
			buildSettings = {
				ALWAYS_EMBED_SWIFT_STANDARD_LIBRARIES = YES;
				ASSETCATALOG_COMPILER_APPICON_NAME = AppIcon;
				CODE_SIGN_ENTITLEMENTS = "Luma Face/Luma Face.entitlements";
				CODE_SIGN_STYLE = Automatic;
				DEVELOPMENT_TEAM = 2QHTY6FMW2;
				INFOPLIST_FILE = "$(SRCROOT)/Luma Face/Resources/Info.plist";
				IPHONEOS_DEPLOYMENT_TARGET = 11.0;
				LD_RUNPATH_SEARCH_PATHS = (
					"$(inherited)",
					"@executable_path/Frameworks",
				);
				PRODUCT_BUNDLE_IDENTIFIER = se.hexagons.luma.face;
				PRODUCT_NAME = "$(TARGET_NAME)";
				SWIFT_VERSION = 4.2;
				TARGETED_DEVICE_FAMILY = "1,2";
			};
			name = Debug;
		};
		74DB097721A8DD5F00DC061A /* Release */ = {
			isa = XCBuildConfiguration;
			baseConfigurationReference = 7C9F71AA8678057DAFA051CE /* Pods-Luma Face.release.xcconfig */;
			buildSettings = {
				ALWAYS_EMBED_SWIFT_STANDARD_LIBRARIES = YES;
				ASSETCATALOG_COMPILER_APPICON_NAME = AppIcon;
				CODE_SIGN_ENTITLEMENTS = "Luma Face/Luma Face.entitlements";
				CODE_SIGN_STYLE = Automatic;
				DEVELOPMENT_TEAM = 2QHTY6FMW2;
				INFOPLIST_FILE = "$(SRCROOT)/Luma Face/Resources/Info.plist";
				IPHONEOS_DEPLOYMENT_TARGET = 11.0;
				LD_RUNPATH_SEARCH_PATHS = (
					"$(inherited)",
					"@executable_path/Frameworks",
				);
				PRODUCT_BUNDLE_IDENTIFIER = se.hexagons.luma.face;
				PRODUCT_NAME = "$(TARGET_NAME)";
				SWIFT_VERSION = 4.2;
				TARGETED_DEVICE_FAMILY = "1,2";
			};
			name = Release;
		};
/* End XCBuildConfiguration section */

/* Begin XCConfigurationList section */
		7411B52A22A1920400F861BD /* Build configuration list for PBXNativeTarget "Luma Browser" */ = {
			isa = XCConfigurationList;
			buildConfigurations = (
				7411B52822A1920400F861BD /* Debug */,
				7411B52922A1920400F861BD /* Release */,
			);
			defaultConfigurationIsVisible = 0;
			defaultConfigurationName = Release;
		};
		74DB095B21A8DD5E00DC061A /* Build configuration list for PBXProject "Luma Face" */ = {
			isa = XCConfigurationList;
			buildConfigurations = (
				74DB097321A8DD5F00DC061A /* Debug */,
				74DB097421A8DD5F00DC061A /* Release */,
			);
			defaultConfigurationIsVisible = 0;
			defaultConfigurationName = Release;
		};
		74DB097521A8DD5F00DC061A /* Build configuration list for PBXNativeTarget "Luma Face" */ = {
			isa = XCConfigurationList;
			buildConfigurations = (
				74DB097621A8DD5F00DC061A /* Debug */,
				74DB097721A8DD5F00DC061A /* Release */,
			);
			defaultConfigurationIsVisible = 0;
			defaultConfigurationName = Release;
		};
/* End XCConfigurationList section */

/* Begin XCVersionGroup section */
		74DB096A21A8DD5E00DC061A /* Luma_Face.xcdatamodeld */ = {
			isa = XCVersionGroup;
			children = (
				74DB096B21A8DD5E00DC061A /* Luma_Face.xcdatamodel */,
			);
			currentVersion = 74DB096B21A8DD5E00DC061A /* Luma_Face.xcdatamodel */;
			path = Luma_Face.xcdatamodeld;
			sourceTree = "<group>";
			versionGroupType = wrapper.xcdatamodel;
		};
/* End XCVersionGroup section */
	};
	rootObject = 74DB095821A8DD5E00DC061A /* Project object */;
}
